{
  "name": "task-planner",
  "version": "1.0.0",
  "lockfileVersion": 2,
  "dependencies": {
    "axios": {
      "version": "0.26.0",
      "resolved": "https://registry.npmjs.org/axios/-/axios-0.26.0.tgz",
      "integrity": "sha512-6vjVZ9xdotzgdT7OC4jwOQIqfdZP0tD1kN41QjVX79UVeY9Jl4uA2CWe37czbS0t70D5R6ZmCmfuHp+Nn5n9sQ==",
      "dev": false
    },
    "bcryptjs": {
      "version": "2.4.3",
      "resolved": "https://registry.npmjs.org/bcryptjs/-/bcryptjs-2.4.3.tgz",
      "integrity": "sha512-rYgRlcmZmS5dG9Ltx7Rt7clXfT72TSRym88sTcBy3ZV6dQ0eNBqf1yVtMeS0owCh5hceLrkmhwEkxMf8Us7XcA==",
      "dev": false
    },
    "cors": {
      "version": "2.8.5",
      "resolved": "https://registry.npmjs.org/cors/-/cors-2.8.5.tgz",
      "integrity": "sha512-rYgRlcmZmS5dG9Ltx7Rt7clXfT72TSRym88sTcBy3ZV6dQ0eNBqf1yVtMeS0owCh5hceLrkmhwEkxMf8Us7XcA==",
      "dev": false
    },
    "express": {
      "version": "4.18.2",
      "resolved": "https://registry.npmjs.org/express/-/express-4.18.2.tgz",
      "integrity": "sha512-X8aCw5lxkNCFcAp/6w5UoRYehNmJBR35YqOBJS5Sz9LV7dWg6XotVe2zF3fqRmf+1VHzPr6Gg6wpp4m/1sGnAg==",
      "dev": false
    },
    "jsonwebtoken": {
      "version": "8.5.1",
      "resolved": "https://registry.npmjs.org/jsonwebtoken/-/jsonwebtoken-8.5.1.tgz",
      "integrity": "sha512-9tF3cdaI1foedNYznGvxKss5lABVt2P0V9FvX+RlRxzZXK0z3UUPF9AWb10XEXlZJ79mygPoFGWhcFkbQByJ6Q==",
      "dev": false
    },
    "mongoose": {
      "version": "6.10.0",
      "resolved": "https://registry.npmjs.org/mongoose/-/mongoose-6.10.0.tgz",
      "integrity": "sha512-X8CWeHY4iG92IS2JnxFd9qpcSHU4zmJSI5lmx9zgsPB8LwZRzyH8kKT5YpAQrhMgK7VfURJ9usT1VpfZT8VmPw==",
      "dev": false
    },
    "nodemailer": {
      "version": "6.7.0",
      "resolved": "https://registry.npmjs.org/nodemailer/-/nodemailer-6.7.0.tgz",
      "integrity": "sha512-Vq/16X03FEVZr+o5QpU+mRV3cbX5Ym0TQJfw5aPQI4XbtZnHqOrJdqfuDGA9qcdH9y7g7rcTovJAk/MzANjokg==",
      "dev": false
    },
    "node-cron": {
      "version": "3.0.0",
      "resolved": "https://registry.npmjs.org/node-cron/-/node-cron-3.0.0.tgz",
      "integrity": "sha512-VwPqRUv0sECg9Lg60eOghUxsQcfe0lfu5ayESnzkD6q+SJeQllFdFkWGe5nHRM6j3Q+fMX1sA3W+dcwbyZTqHA==",
      "dev": false
    }
  }
}
